{
    "_meta": {
        "hash": {
            "sha256": "ee9b3ad895f4b41cdcde847fa624e0983624fda12695651916c401a4ae2ef72b"
        },
        "requires": {},
        "sources": [
            {
                "url": "https://pypi.python.org/simple",
                "verify_ssl": true
            }
        ]
    },
    "default": {
        "alembic": {
            "version": "==0.9.5"
        },
        "aniso8601": {
            "version": "==1.2.1"
        },
        "bcrypt": {
            "version": "==3.1.3"
        },
        "cffi": {
            "version": "==1.10.0"
        },
        "click": {
            "version": "==6.7"
        },
        "flask": {
            "version": "==0.12.2"
        },
        "flask-migrate": {
            "version": "==2.1.0"
        },
        "flask-restplus": {
            "version": "==0.10.1"
        },
        "flask-sqlalchemy": {
            "version": "==2.2"
        },
        "itsdangerous": {
            "version": "==0.24"
        },
        "jinja2": {
            "version": "==2.9.6"
        },
        "jsonschema": {
            "version": "==2.6.0"
        },
        "mako": {
            "version": "==1.0.7"
        },
        "markupsafe": {
            "version": "==1.0"
        },
        "passlib": {
            "version": "==1.7.1"
        },
        "pycparser": {
            "version": "==2.18"
        },
        "python-dateutil": {
            "version": "==2.6.1"
        },
        "python-editor": {
            "version": "==1.0.3"
        },
        "pytz": {
            "version": "==2017.2"
        },
        "six": {
            "version": "==1.10.0"
        },
        "sqlalchemy": {
            "version": "==1.1.13"
        },
        "werkzeug": {
            "version": "==0.12.2"
        }
    },
    "develop": {
        "astroid": {
            "version": "==1.5.3"
        },
        "click": {
            "version": "==6.7"
        },
        "coverage": {
            "version": "==4.4.1"
        },
        "flask": {
            "version": "==0.12.2"
        },
        "flask-script": {
            "version": "==2.0.5"
        },
        "isort": {
            "version": "==4.2.15"
        },
        "itsdangerous": {
            "version": "==0.24"
        },
        "jinja2": {
            "version": "==2.9.6"
        },
        "lazy-object-proxy": {
            "version": "==1.3.1"
        },
        "markupsafe": {
            "version": "==1.0"
        },
        "mccabe": {
            "version": "==0.6.1"
        },
        "py": {
            "version": "==1.4.34"
        },
        "pylint": {
            "version": "==1.7.2"
        },
        "pytest": {
            "version": "==3.2.1"
        },
        "pytest-flask": {
            "version": "==0.10.0"
        },
        "pytest-mock": {
            "version": "==1.6.2"
        },
        "setuptools": {
            "version": "==36.2.7"
        },
        "six": {
            "version": "==1.10.0"
        },
        "werkzeug": {
            "version": "==0.12.2"
        },
        "wrapt": {
            "version": "==1.10.11"
        }
    }
}
