{
    "_meta": {
        "hash": {
            "sha256": "bc33c0637724d754f8799004c3c6ee0a64f8c102cebf61bd1380e84da62321ce"
        },
        "requires": {},
        "sources": [
            {
                "url": "https://pypi.python.org/simple",
                "verify_ssl": true
            }
        ]
    },
    "default": {
        "apscheduler": "*",
        "awesome-slugify": "*",
        "bcrypt": "*",
        "boto3": "*",
        "flask-migrate": "*",
        "flask-restplus": "*",
        "flask-script": "*",
        "flask-sqlalchemy": "*",
        "flask-sslify": "*",
        "passlib": "*",
        "psycopg2": "*",
        "pytz": "*",
        "requests": "*",
        "sendgrid": "*",
        "tzlocal": "*"
    },
    "develop": {
        "coverage": "*",
        "pylint": "*",
        "pytest": "*",
        "pytest-flask": "*",
        "pytest-mock": "*",
        "snapshottest": "*"
    }
}
